{
  "name": "aws-openvpn",
  "version": "0.1.0",
  "lockfileVersion": 1,
  "requires": true,
  "dependencies": {
    "@aws-cdk/aws-cloudwatch": {
      "version": "0.28.0",
      "resolved": "https://registry.npmjs.org/@aws-cdk/aws-cloudwatch/-/aws-cloudwatch-0.28.0.tgz",
      "integrity": "sha512-MkxLqyJnrUL9zQcVj6oSVXyPBewCFgDQsmE7h0vgAQbaz5c6C6hGQGRPFDnM8v2ZhiKDKKctU5RgrV1WO827gg==",
      "requires": {
        "@aws-cdk/aws-iam": "^0.28.0",
        "@aws-cdk/cdk": "^0.28.0"
      }
    },
    "@aws-cdk/aws-ec2": {
      "version": "0.28.0",
      "resolved": "https://registry.npmjs.org/@aws-cdk/aws-ec2/-/aws-ec2-0.28.0.tgz",
      "integrity": "sha512-cCzX22aAGd4Ngerj+1k3pOazNQ8AR5iC6+QiG6kotJe//5iWGu13bkZZP36rEyLorWRJrn1SjfoS6f1SEuiPDg==",
      "requires": {
        "@aws-cdk/aws-cloudwatch": "^0.28.0",
        "@aws-cdk/aws-iam": "^0.28.0",
        "@aws-cdk/cdk": "^0.28.0",
        "@aws-cdk/cx-api": "^0.28.0"
      }
    },
    "@aws-cdk/aws-iam": {
      "version": "0.28.0",
      "resolved": "https://registry.npmjs.org/@aws-cdk/aws-iam/-/aws-iam-0.28.0.tgz",
      "integrity": "sha512-35cLTTxmWcnip3cptzh2duUuQFn7Uijg44ZY04XXFhpZ6frodCQby3xtkh8eEzcJPR+R0oDrXnGK7lJFdXPl/w==",
      "requires": {
        "@aws-cdk/cdk": "^0.28.0",
        "@aws-cdk/region-info": "^0.28.0"
      }
    },
    "@aws-cdk/cdk": {
      "version": "0.28.0",
      "resolved": "https://registry.npmjs.org/@aws-cdk/cdk/-/cdk-0.28.0.tgz",
      "integrity": "sha512-KfCLy2irBh2Br8V1X7uYPa6+S+GKJvIei4eRweC3gA2bJ/vjF85QBzTJ7DxCv9OQqjJEmBsH0cLzZNc8EUp/YQ==",
      "requires": {
        "@aws-cdk/cx-api": "^0.28.0"
      }
    },
    "@aws-cdk/cx-api": {
      "version": "0.28.0",
      "resolved": "https://registry.npmjs.org/@aws-cdk/cx-api/-/cx-api-0.28.0.tgz",
      "integrity": "sha512-nEFWYRtpJqFP5LR8zJhVJ0tQUX7dJjJjtpU64YUiZUglZf8rJ2tKjKS3MiM4+UC0vBcG1Y/jO0oYny2Hhcx1PA=="
    },
    "@aws-cdk/region-info": {
      "version": "0.28.0",
      "resolved": "https://registry.npmjs.org/@aws-cdk/region-info/-/region-info-0.28.0.tgz",
      "integrity": "sha512-skAFDHyoc+mjfbze3xnjOXJFAdBzuBoZRyFjHNzqXGNuPYizCGX4uJQ+DcGsaUCgDjWG7dyJal2aX49MGErBPg=="
    },
    "@types/node": {
      "version": "8.10.40",
      "resolved": "https://registry.npmjs.org/@types/node/-/node-8.10.40.tgz",
      "integrity": "sha512-RRSjdwz63kS4u7edIwJUn8NqKLLQ6LyqF/X4+4jp38MBT3Vwetewi2N4dgJEshLbDwNgOJXNYoOwzVZUSSLhkQ==",
      "dev": true
    },
    "aws-cdk": {
      "version": "2.43.1",
      "resolved": "https://registry.npmjs.org/aws-cdk/-/aws-cdk-2.43.1.tgz",
      "integrity": "sha512-Y+Pomc+LdQ14h+CvFZg+FeqcLpV8MJcoFhqcoOtGi0xC8CkdGAWH+MfIWcqePk7OVOMIzDJP2eBdd9te2CrjcQ==",
      "dev": true,
      "requires": {
        "fsevents": "2.3.2"
      }
    },
    "buffer-from": {
      "version": "1.1.1",
      "resolved": "https://registry.npmjs.org/buffer-from/-/buffer-from-1.1.1.tgz",
      "integrity": "sha512-MQcXEUbCKtEo7bhqEs6560Hyd4XaovZlO/k9V3hjVUF/zwW7KBVdSK4gIt/bzwS9MbR5qob+F5jusZsb0YQK2A=="
    },
    "dotenv": {
      "version": "7.0.0",
      "resolved": "https://registry.npmjs.org/dotenv/-/dotenv-7.0.0.tgz",
      "integrity": "sha512-M3NhsLbV1i6HuGzBUH8vXrtxOk+tWmzWKDMbAVSUp3Zsjm7ywFeuwrUXhmhQyRK1q5B5GGy7hcXPbj3bnfZg2g=="
    },
    "fsevents": {
      "version": "2.3.2",
      "resolved": "https://registry.npmjs.org/fsevents/-/fsevents-2.3.2.tgz",
      "integrity": "sha512-xiqMQR4xAeHTuB9uWm+fFRcIOgKBMiOBP+eXiyT7jsgVCq1bkVygt00oASowB7EdtpOHaaPgKt812P9ab+DDKA==",
      "dev": true,
      "optional": true
    },
    "source-map": {
      "version": "0.6.1",
      "resolved": "https://registry.npmjs.org/source-map/-/source-map-0.6.1.tgz",
      "integrity": "sha512-UjgapumWlbMhkBgzT7Ykc5YXUT46F0iKu8SGXq0bcwP5dz/h0Plj6enJqjz1Zbq2l5WaqYnrVbwWOWMyF3F47g=="
    },
    "source-map-support": {
      "version": "0.5.11",
      "resolved": "https://registry.npmjs.org/source-map-support/-/source-map-support-0.5.11.tgz",
      "integrity": "sha512-//sajEx/fGL3iw6fltKMdPvy8kL3kJ2O3iuYlRoT3k9Kb4BjOoZ+BZzaNHeuaruSt+Kf3Zk9tnfAQg9/AJqUVQ==",
      "requires": {
        "buffer-from": "^1.0.0",
        "source-map": "^0.6.0"
      }
    },
    "typescript": {
      "version": "3.4.1",
      "resolved": "https://registry.npmjs.org/typescript/-/typescript-3.4.1.tgz",
      "integrity": "sha512-3NSMb2VzDQm8oBTLH6Nj55VVtUEpe/rgkIzMir0qVoLyjDZlnMBva0U6vDiV3IH+sl/Yu6oP5QwsAQtHPmDd2Q==",
      "dev": true
    }
  }
}
